
Microsoft Visual Studio Solution File, Format Version 12.00
# Visual Studio Version 17
VisualStudioVersion = 17.13.35919.96 d17.13
MinimumVisualStudioVersion = 10.0.40219.1
Project("{FAE04EC0-301F-11D3-BF4B-00C04F79EFBC}") = "MicroApi", "MicroApi.csproj", "{31D941CF-0E32-44E4-B40F-68883F3F37CE}"
EndProject
Global
	GlobalSection(SolutionConfigurationPlatforms) = preSolution
		Debug|Any CPU = Debug|Any CPU
		Release|Any CPU = Release|Any CPU
	EndGlobalSection
	GlobalSection(ProjectConfigurationPlatforms) = postSolution
		{31D941CF-0E32-44E4-B40F-68883F3F37CE}.Debug|Any CPU.ActiveCfg = Debug|Any CPU
		{31D941CF-0E32-44E4-B40F-68883F3F37CE}.Debug|Any CPU.Build.0 = Debug|Any CPU
		{31D941CF-0E32-44E4-B40F-68883F3F37CE}.Release|Any CPU.ActiveCfg = Release|Any CPU
		{31D941CF-0E32-44E4-B40F-68883F3F37CE}.Release|Any CPU.Build.0 = Release|Any CPU
	EndGlobalSection
	GlobalSection(SolutionProperties) = preSolution
		HideSolutionNode = FALSE
	EndGlobalSection
	GlobalSection(ExtensibilityGlobals) = postSolution
		SolutionGuid = {CBAC7C47-7B52-4D95-BDEE-564246C8D16D}
	EndGlobalSection
EndGlobal
